
Microsoft Visual Studio Solution File, Format Version 12.00
# Visual Studio Version 16
VisualStudioVersion = 16.0.31112.23
MinimumVisualStudioVersion = 10.0.40219.1
Project("{9A19103F-16F7-4668-BE54-9A1E7A4F7556}") = "giveBloodNewApp", "giveBloodNewApp\giveBloodNewApp.csproj", "{12AAB4EC-BC9F-4581-A482-CBDC8622D42A}"
	ProjectSection(ProjectDependencies) = postProject
		{BD455E43-EF22-4ADF-B4E0-D30DC357879F} = {BD455E43-EF22-4ADF-B4E0-D30DC357879F}
	EndProjectSection
EndProject
Project("{FAE04EC0-301F-11D3-BF4B-00C04F79EFBC}") = "DAL", "DAL\DAL.csproj", "{BD455E43-EF22-4ADF-B4E0-D30DC357879F}"
EndProject
Global
	GlobalSection(SolutionConfigurationPlatforms) = preSolution
		Debug|Any CPU = Debug|Any CPU
		Release|Any CPU = Release|Any CPU
	EndGlobalSection
	GlobalSection(ProjectConfigurationPlatforms) = postSolution
		{12AAB4EC-BC9F-4581-A482-CBDC8622D42A}.Debug|Any CPU.ActiveCfg = Debug|Any CPU
		{12AAB4EC-BC9F-4581-A482-CBDC8622D42A}.Debug|Any CPU.Build.0 = Debug|Any CPU
		{12AAB4EC-BC9F-4581-A482-CBDC8622D42A}.Release|Any CPU.ActiveCfg = Release|Any CPU
		{12AAB4EC-BC9F-4581-A482-CBDC8622D42A}.Release|Any CPU.Build.0 = Release|Any CPU
		{BD455E43-EF22-4ADF-B4E0-D30DC357879F}.Debug|Any CPU.ActiveCfg = Debug|Any CPU
		{BD455E43-EF22-4ADF-B4E0-D30DC357879F}.Debug|Any CPU.Build.0 = Debug|Any CPU
		{BD455E43-EF22-4ADF-B4E0-D30DC357879F}.Release|Any CPU.ActiveCfg = Release|Any CPU
		{BD455E43-EF22-4ADF-B4E0-D30DC357879F}.Release|Any CPU.Build.0 = Release|Any CPU
	EndGlobalSection
	GlobalSection(SolutionProperties) = preSolution
		HideSolutionNode = FALSE
	EndGlobalSection
	GlobalSection(ExtensibilityGlobals) = postSolution
		SolutionGuid = {53C6503F-16C9-4114-A232-D9884BC00EEA}
	EndGlobalSection
EndGlobal
